
Microsoft Visual Studio Solution File, Format Version 12.00
# Visual Studio Version 17
VisualStudioVersion = 17.8.34330.188
MinimumVisualStudioVersion = 10.0.40219.1
Project("{FAE04EC0-301F-11D3-BF4B-00C04F79EFBC}") = "DatabaseApp1", "DatabaseApp1\DatabaseApp1.csproj", "{D2B0D502-689D-42B0-B333-8F0DAF58487D}"
EndProject
Global
	GlobalSection(SolutionConfigurationPlatforms) = preSolution
		Debug|Any CPU = Debug|Any CPU
		Release|Any CPU = Release|Any CPU
	EndGlobalSection
	GlobalSection(ProjectConfigurationPlatforms) = postSolution
		{D2B0D502-689D-42B0-B333-8F0DAF58487D}.Debug|Any CPU.ActiveCfg = Debug|Any CPU
		{D2B0D502-689D-42B0-B333-8F0DAF58487D}.Debug|Any CPU.Build.0 = Debug|Any CPU
		{D2B0D502-689D-42B0-B333-8F0DAF58487D}.Release|Any CPU.ActiveCfg = Release|Any CPU
		{D2B0D502-689D-42B0-B333-8F0DAF58487D}.Release|Any CPU.Build.0 = Release|Any CPU
	EndGlobalSection
	GlobalSection(SolutionProperties) = preSolution
		HideSolutionNode = FALSE
	EndGlobalSection
	GlobalSection(ExtensibilityGlobals) = postSolution
		SolutionGuid = {4C44ABE9-3386-404F-8DF0-10B31C567D58}
	EndGlobalSection
EndGlobal
